{
  "originHash" : "9619060c5b3c2397f578d3e4104e92cc2753f1d55027e84af43679c09b1ad4ab",
  "pins" : [
    {
      "identity" : "fluidaudio",
      "kind" : "remoteSourceControl",
      "location" : "https://github.com/FluidInference/FluidAudio.git",
      "state" : {
        "revision" : "21493f8dac5a97e65742e6ff26f42f164c2fda0f",
        "version" : "0.17.4"
      }
    },
    {
      "identity" : "scribekit",
      "kind" : "remoteSourceControl",
      "location" : "https://github.com/azahradka/ScribeKit.git",
      "state" : {
        "revision" : "2ae61e8a0e350fdca03ff16dff90eae1da51331f"
      }
    },
    {
      "identity" : "systemaudiokit",
      "kind" : "remoteSourceControl",
      "location" : "https://github.com/azahradka/SystemAudioKit.git",
      "state" : {
        "revision" : "216cf9a7e3f6d70cf6b70c532e7a13a5a421c27d"
      }
    }
  ],
  "version" : 3
}
