{
  "originHash" : "10790e21162274280c66b04c143c2c25579b8d421dcace15c9e0f02d26b84665",
  "pins" : [
    {
      "identity" : "fluidaudio",
      "kind" : "remoteSourceControl",
      "location" : "https://github.com/FluidInference/FluidAudio.git",
      "state" : {
        "revision" : "21493f8dac5a97e65742e6ff26f42f164c2fda0f",
        "version" : "0.17.4"
      }
    },
    {
      "identity" : "scribekit",
      "kind" : "remoteSourceControl",
      "location" : "https://github.com/azahradka/ScribeKit.git",
      "state" : {
        "branch" : "notetaker",
        "revision" : "60f0187075658704b6ea7e60c5f0bb739857a54f"
      }
    },
    {
      "identity" : "systemaudiokit",
      "kind" : "remoteSourceControl",
      "location" : "https://github.com/azahradka/SystemAudioKit.git",
      "state" : {
        "branch" : "notetaker",
        "revision" : "050e941e6cf45d560b48289615cdefaa1f3f020a"
      }
    }
  ],
  "version" : 3
}
