{
  "originHash" : "10cfd37a4b80d6c362e074af5b39d919c578b03fdd71040010a755290f1daf8f",
  "pins" : [
    {
      "identity" : "fluidaudio",
      "kind" : "remoteSourceControl",
      "location" : "https://github.com/FluidInference/FluidAudio.git",
      "state" : {
        "revision" : "21493f8dac5a97e65742e6ff26f42f164c2fda0f",
        "version" : "0.17.4"
      }
    },
    {
      "identity" : "scribekit",
      "kind" : "remoteSourceControl",
      "location" : "https://github.com/azahradka/ScribeKit.git",
      "state" : {
        "revision" : "ed29bb27bbc93d12259bba73f29a0a022b15d1d3"
      }
    },
    {
      "identity" : "systemaudiokit",
      "kind" : "remoteSourceControl",
      "location" : "https://github.com/azahradka/SystemAudioKit.git",
      "state" : {
        "revision" : "216cf9a7e3f6d70cf6b70c532e7a13a5a421c27d"
      }
    }
  ],
  "version" : 3
}
